
Microsoft Visual Studio Solution File, Format Version 12.00
# Visual Studio Version 17
VisualStudioVersion = 17.3.32922.545
MinimumVisualStudioVersion = 10.0.40219.1
Project("{FAE04EC0-301F-11D3-BF4B-00C04F79EFBC}") = "ATV-03", "ATV-03.csproj", "{83388071-EC35-4FF5-BDF6-7190B9BE601F}"
EndProject
Global
	GlobalSection(SolutionConfigurationPlatforms) = preSolution
		Debug|Any CPU = Debug|Any CPU
		Release|Any CPU = Release|Any CPU
	EndGlobalSection
	GlobalSection(ProjectConfigurationPlatforms) = postSolution
		{83388071-EC35-4FF5-BDF6-7190B9BE601F}.Debug|Any CPU.ActiveCfg = Debug|Any CPU
		{83388071-EC35-4FF5-BDF6-7190B9BE601F}.Debug|Any CPU.Build.0 = Debug|Any CPU
		{83388071-EC35-4FF5-BDF6-7190B9BE601F}.Release|Any CPU.ActiveCfg = Release|Any CPU
		{83388071-EC35-4FF5-BDF6-7190B9BE601F}.Release|Any CPU.Build.0 = Release|Any CPU
	EndGlobalSection
	GlobalSection(SolutionProperties) = preSolution
		HideSolutionNode = FALSE
	EndGlobalSection
	GlobalSection(ExtensibilityGlobals) = postSolution
		SolutionGuid = {A23B9897-68FA-4155-A5FC-B2DFF57E82C1}
	EndGlobalSection
EndGlobal
