
Microsoft Visual Studio Solution File, Format Version 12.00
# Visual Studio Version 17
VisualStudioVersion = 17.5.33414.496
MinimumVisualStudioVersion = 10.0.40219.1
Project("{FAE04EC0-301F-11D3-BF4B-00C04F79EFBC}") = "Array_28-08", "Array_28-08.csproj", "{C64A881A-6201-4DC2-9161-AFA7A0EF993C}"
EndProject
Global
	GlobalSection(SolutionConfigurationPlatforms) = preSolution
		Debug|Any CPU = Debug|Any CPU
		Release|Any CPU = Release|Any CPU
	EndGlobalSection
	GlobalSection(ProjectConfigurationPlatforms) = postSolution
		{C64A881A-6201-4DC2-9161-AFA7A0EF993C}.Debug|Any CPU.ActiveCfg = Debug|Any CPU
		{C64A881A-6201-4DC2-9161-AFA7A0EF993C}.Debug|Any CPU.Build.0 = Debug|Any CPU
		{C64A881A-6201-4DC2-9161-AFA7A0EF993C}.Release|Any CPU.ActiveCfg = Release|Any CPU
		{C64A881A-6201-4DC2-9161-AFA7A0EF993C}.Release|Any CPU.Build.0 = Release|Any CPU
	EndGlobalSection
	GlobalSection(SolutionProperties) = preSolution
		HideSolutionNode = FALSE
	EndGlobalSection
	GlobalSection(ExtensibilityGlobals) = postSolution
		SolutionGuid = {02EEB195-6D97-41B6-95CF-B4665B61834E}
	EndGlobalSection
EndGlobal
