
Microsoft Visual Studio Solution File, Format Version 12.00
# Visual Studio Version 17
VisualStudioVersion = 17.3.32922.545
MinimumVisualStudioVersion = 10.0.40219.1
Project("{FAE04EC0-301F-11D3-BF4B-00C04F79EFBC}") = "ATV03", "ATV03.csproj", "{47A28099-382B-4F09-994A-F9DDAC690C3B}"
EndProject
Global
	GlobalSection(SolutionConfigurationPlatforms) = preSolution
		Debug|Any CPU = Debug|Any CPU
		Release|Any CPU = Release|Any CPU
	EndGlobalSection
	GlobalSection(ProjectConfigurationPlatforms) = postSolution
		{47A28099-382B-4F09-994A-F9DDAC690C3B}.Debug|Any CPU.ActiveCfg = Debug|Any CPU
		{47A28099-382B-4F09-994A-F9DDAC690C3B}.Debug|Any CPU.Build.0 = Debug|Any CPU
		{47A28099-382B-4F09-994A-F9DDAC690C3B}.Release|Any CPU.ActiveCfg = Release|Any CPU
		{47A28099-382B-4F09-994A-F9DDAC690C3B}.Release|Any CPU.Build.0 = Release|Any CPU
	EndGlobalSection
	GlobalSection(SolutionProperties) = preSolution
		HideSolutionNode = FALSE
	EndGlobalSection
	GlobalSection(ExtensibilityGlobals) = postSolution
		SolutionGuid = {1C9913C0-CD4D-40A7-BE35-17CAED223FFD}
	EndGlobalSection
EndGlobal
