
Microsoft Visual Studio Solution File, Format Version 12.00
# Visual Studio Version 17
VisualStudioVersion = 17.3.32922.545
MinimumVisualStudioVersion = 10.0.40219.1
Project("{FAE04EC0-301F-11D3-BF4B-00C04F79EFBC}") = "ATV01", "ATV01.csproj", "{6EC7111F-5023-40C7-AF74-222754DECC69}"
EndProject
Global
	GlobalSection(SolutionConfigurationPlatforms) = preSolution
		Debug|Any CPU = Debug|Any CPU
		Release|Any CPU = Release|Any CPU
	EndGlobalSection
	GlobalSection(ProjectConfigurationPlatforms) = postSolution
		{6EC7111F-5023-40C7-AF74-222754DECC69}.Debug|Any CPU.ActiveCfg = Debug|Any CPU
		{6EC7111F-5023-40C7-AF74-222754DECC69}.Debug|Any CPU.Build.0 = Debug|Any CPU
		{6EC7111F-5023-40C7-AF74-222754DECC69}.Release|Any CPU.ActiveCfg = Release|Any CPU
		{6EC7111F-5023-40C7-AF74-222754DECC69}.Release|Any CPU.Build.0 = Release|Any CPU
	EndGlobalSection
	GlobalSection(SolutionProperties) = preSolution
		HideSolutionNode = FALSE
	EndGlobalSection
	GlobalSection(ExtensibilityGlobals) = postSolution
		SolutionGuid = {76C85ECD-698E-4DD3-91EB-046AA0AC8A72}
	EndGlobalSection
EndGlobal
