
Microsoft Visual Studio Solution File, Format Version 12.00
# Visual Studio Version 17
VisualStudioVersion = 17.3.32922.545
MinimumVisualStudioVersion = 10.0.40219.1
Project("{FAE04EC0-301F-11D3-BF4B-00C04F79EFBC}") = "ATV-08", "ATV-08.csproj", "{102127FA-CE57-4C03-BD66-CBC355F815C8}"
EndProject
Global
	GlobalSection(SolutionConfigurationPlatforms) = preSolution
		Debug|Any CPU = Debug|Any CPU
		Release|Any CPU = Release|Any CPU
	EndGlobalSection
	GlobalSection(ProjectConfigurationPlatforms) = postSolution
		{102127FA-CE57-4C03-BD66-CBC355F815C8}.Debug|Any CPU.ActiveCfg = Debug|Any CPU
		{102127FA-CE57-4C03-BD66-CBC355F815C8}.Debug|Any CPU.Build.0 = Debug|Any CPU
		{102127FA-CE57-4C03-BD66-CBC355F815C8}.Release|Any CPU.ActiveCfg = Release|Any CPU
		{102127FA-CE57-4C03-BD66-CBC355F815C8}.Release|Any CPU.Build.0 = Release|Any CPU
	EndGlobalSection
	GlobalSection(SolutionProperties) = preSolution
		HideSolutionNode = FALSE
	EndGlobalSection
	GlobalSection(ExtensibilityGlobals) = postSolution
		SolutionGuid = {7D69AE30-FDB0-4F3D-91E9-7E6013C951CC}
	EndGlobalSection
EndGlobal
